
Microsoft Visual Studio Solution File, Format Version 12.00
# Visual Studio 15
VisualStudioVersion = 15.0.28307.705
MinimumVisualStudioVersion = 10.0.40219.1
Project("{9A19103F-16F7-4668-BE54-9A1E7A4F7556}") = "Pubsub", "Pubsub.csproj", "{4FAFB30B-2E32-4B00-B6E3-0CC4805EDA19}"
EndProject
Global
	GlobalSection(SolutionConfigurationPlatforms) = preSolution
		Debug|Any CPU = Debug|Any CPU
		Release|Any CPU = Release|Any CPU
	EndGlobalSection
	GlobalSection(ProjectConfigurationPlatforms) = postSolution
		{4FAFB30B-2E32-4B00-B6E3-0CC4805EDA19}.Debug|Any CPU.ActiveCfg = Debug|Any CPU
		{4FAFB30B-2E32-4B00-B6E3-0CC4805EDA19}.Debug|Any CPU.Build.0 = Debug|Any CPU
		{4FAFB30B-2E32-4B00-B6E3-0CC4805EDA19}.Release|Any CPU.ActiveCfg = Release|Any CPU
		{4FAFB30B-2E32-4B00-B6E3-0CC4805EDA19}.Release|Any CPU.Build.0 = Release|Any CPU
	EndGlobalSection
	GlobalSection(SolutionProperties) = preSolution
		HideSolutionNode = FALSE
	EndGlobalSection
	GlobalSection(ExtensibilityGlobals) = postSolution
		SolutionGuid = {1E03751E-2365-4F8A-99EC-9E6BCC22EF83}
	EndGlobalSection
EndGlobal
